// !$*UTF8*$!
{
	archiveVersion = 1;
	classes = {
	};
	objectVersion = 47;
	objects = {

/* Begin PBXBuildFile section */
		508FAD9D1CBA9B6200325DF5 /* GameOverScene.swift in Sources */ = {isa = PBXBuildFile; fileRef = 508FAD9C1CBA9B6200325DF5 /* GameOverScene.swift */; };
		5092C3311CB5130C001CBEA1 /* MyUtils.swift in Sources */ = {isa = PBXBuildFile; fileRef = 5092C3301CB5130C001CBEA1 /* MyUtils.swift */; };
		50B855161CB94DF700C403A1 /* backgroundMusic.mp3 in Resources */ = {isa = PBXBuildFile; fileRef = 50B855111CB94DF700C403A1 /* backgroundMusic.mp3 */; };
		50B855171CB94DF700C403A1 /* hitCat.wav in Resources */ = {isa = PBXBuildFile; fileRef = 50B855121CB94DF700C403A1 /* hitCat.wav */; };
		50B855181CB94DF700C403A1 /* hitCatLady.wav in Resources */ = {isa = PBXBuildFile; fileRef = 50B855131CB94DF700C403A1 /* hitCatLady.wav */; };
		50B855191CB94DF700C403A1 /* lose.wav in Resources */ = {isa = PBXBuildFile; fileRef = 50B855141CB94DF700C403A1 /* lose.wav */; };
		50B8551A1CB94DF700C403A1 /* win.wav in Resources */ = {isa = PBXBuildFile; fileRef = 50B855151CB94DF700C403A1 /* win.wav */; };
		50F3BACD1CB3AF1800AAFA92 /* AppDelegate.swift in Sources */ = {isa = PBXBuildFile; fileRef = 50F3BACC1CB3AF1800AAFA92 /* AppDelegate.swift */; };
		50F3BAD11CB3AF1800AAFA92 /* GameScene.swift in Sources */ = {isa = PBXBuildFile; fileRef = 50F3BAD01CB3AF1800AAFA92 /* GameScene.swift */; };
		50F3BAD31CB3AF1800AAFA92 /* GameViewController.swift in Sources */ = {isa = PBXBuildFile; fileRef = 50F3BAD21CB3AF1800AAFA92 /* GameViewController.swift */; };
		50F3BAD61CB3AF1800AAFA92 /* Main.storyboard in Resources */ = {isa = PBXBuildFile; fileRef = 50F3BAD41CB3AF1800AAFA92 /* Main.storyboard */; };
		50F3BAD81CB3AF1800AAFA92 /* Assets.xcassets in Resources */ = {isa = PBXBuildFile; fileRef = 50F3BAD71CB3AF1800AAFA92 /* Assets.xcassets */; };
		50F3BADB1CB3AF1800AAFA92 /* LaunchScreen.storyboard in Resources */ = {isa = PBXBuildFile; fileRef = 50F3BAD91CB3AF1800AAFA92 /* LaunchScreen.storyboard */; };
/* End PBXBuildFile section */

/* Begin PBXFileReference section */
		508FAD9C1CBA9B6200325DF5 /* GameOverScene.swift */ = {isa = PBXFileReference; fileEncoding = 4; lastKnownFileType = sourcecode.swift; path = GameOverScene.swift; sourceTree = "<group>"; };
		5092C3301CB5130C001CBEA1 /* MyUtils.swift */ = {isa = PBXFileReference; fileEncoding = 4; lastKnownFileType = sourcecode.swift; path = MyUtils.swift; sourceTree = "<group>"; };
		50B855111CB94DF700C403A1 /* backgroundMusic.mp3 */ = {isa = PBXFileReference; lastKnownFileType = audio.mp3; path = backgroundMusic.mp3; sourceTree = "<group>"; };
		50B855121CB94DF700C403A1 /* hitCat.wav */ = {isa = PBXFileReference; lastKnownFileType = audio.wav; path = hitCat.wav; sourceTree = "<group>"; };
		50B855131CB94DF700C403A1 /* hitCatLady.wav */ = {isa = PBXFileReference; lastKnownFileType = audio.wav; path = hitCatLady.wav; sourceTree = "<group>"; };
		50B855141CB94DF700C403A1 /* lose.wav */ = {isa = PBXFileReference; lastKnownFileType = audio.wav; path = lose.wav; sourceTree = "<group>"; };
		50B855151CB94DF700C403A1 /* win.wav */ = {isa = PBXFileReference; lastKnownFileType = audio.wav; path = win.wav; sourceTree = "<group>"; };
		50F3BAC91CB3AF1800AAFA92 /* ZombieConga.app */ = {isa = PBXFileReference; explicitFileType = wrapper.application; includeInIndex = 0; path = ZombieConga.app; sourceTree = BUILT_PRODUCTS_DIR; };
		50F3BACC1CB3AF1800AAFA92 /* AppDelegate.swift */ = {isa = PBXFileReference; lastKnownFileType = sourcecode.swift; path = AppDelegate.swift; sourceTree = "<group>"; };
		50F3BAD01CB3AF1800AAFA92 /* GameScene.swift */ = {isa = PBXFileReference; lastKnownFileType = sourcecode.swift; path = GameScene.swift; sourceTree = "<group>"; };
		50F3BAD21CB3AF1800AAFA92 /* GameViewController.swift */ = {isa = PBXFileReference; lastKnownFileType = sourcecode.swift; path = GameViewController.swift; sourceTree = "<group>"; };
		50F3BAD51CB3AF1800AAFA92 /* Base */ = {isa = PBXFileReference; lastKnownFileType = file.storyboard; name = Base; path = Base.lproj/Main.storyboard; sourceTree = "<group>"; };
		50F3BAD71CB3AF1800AAFA92 /* Assets.xcassets */ = {isa = PBXFileReference; lastKnownFileType = folder.assetcatalog; path = Assets.xcassets; sourceTree = "<group>"; };
		50F3BADA1CB3AF1800AAFA92 /* Base */ = {isa = PBXFileReference; lastKnownFileType = file.storyboard; name = Base; path = Base.lproj/LaunchScreen.storyboard; sourceTree = "<group>"; };
		50F3BADC1CB3AF1800AAFA92 /* Info.plist */ = {isa = PBXFileReference; lastKnownFileType = text.plist.xml; path = Info.plist; sourceTree = "<group>"; };
/* End PBXFileReference section */

/* Begin PBXFrameworksBuildPhase section */
		50F3BAC61CB3AF1800AAFA92 /* Frameworks */ = {
			isa = PBXFrameworksBuildPhase;
			buildActionMask = 2147483647;
			files = (
			);
			runOnlyForDeploymentPostprocessing = 0;
		};
/* End PBXFrameworksBuildPhase section */

/* Begin PBXGroup section */
		50B855101CB94DF700C403A1 /* Sounds */ = {
			isa = PBXGroup;
			children = (
				50B855111CB94DF700C403A1 /* backgroundMusic.mp3 */,
				50B855121CB94DF700C403A1 /* hitCat.wav */,
				50B855131CB94DF700C403A1 /* hitCatLady.wav */,
				50B855141CB94DF700C403A1 /* lose.wav */,
				50B855151CB94DF700C403A1 /* win.wav */,
			);
			path = Sounds;
			sourceTree = "<group>";
		};
		50F3BAC01CB3AF1800AAFA92 = {
			isa = PBXGroup;
			children = (
				50F3BACB1CB3AF1800AAFA92 /* ZombieConga */,
				50F3BACA1CB3AF1800AAFA92 /* Products */,
			);
			sourceTree = "<group>";
		};
		50F3BACA1CB3AF1800AAFA92 /* Products */ = {
			isa = PBXGroup;
			children = (
				50F3BAC91CB3AF1800AAFA92 /* ZombieConga.app */,
			);
			name = Products;
			sourceTree = "<group>";
		};
		50F3BACB1CB3AF1800AAFA92 /* ZombieConga */ = {
			isa = PBXGroup;
			children = (
				50F3BACC1CB3AF1800AAFA92 /* AppDelegate.swift */,
				50F3BAD01CB3AF1800AAFA92 /* GameScene.swift */,
				50F3BAD21CB3AF1800AAFA92 /* GameViewController.swift */,
				508FAD9C1CBA9B6200325DF5 /* GameOverScene.swift */,
				50F3BAD41CB3AF1800AAFA92 /* Main.storyboard */,
				50F3BAD71CB3AF1800AAFA92 /* Assets.xcassets */,
				50F3BAD91CB3AF1800AAFA92 /* LaunchScreen.storyboard */,
				50F3BADC1CB3AF1800AAFA92 /* Info.plist */,
				5092C3301CB5130C001CBEA1 /* MyUtils.swift */,
				50B855101CB94DF700C403A1 /* Sounds */,
			);
			path = ZombieConga;
			sourceTree = "<group>";
		};
/* End PBXGroup section */

/* Begin PBXNativeTarget section */
		50F3BAC81CB3AF1800AAFA92 /* ZombieConga */ = {
			isa = PBXNativeTarget;
			buildConfigurationList = 50F3BADF1CB3AF1800AAFA92 /* Build configuration list for PBXNativeTarget "ZombieConga" */;
			buildPhases = (
				50F3BAC51CB3AF1800AAFA92 /* Sources */,
				50F3BAC61CB3AF1800AAFA92 /* Frameworks */,
				50F3BAC71CB3AF1800AAFA92 /* Resources */,
			);
			buildRules = (
			);
			dependencies = (
			);
			name = ZombieConga;
			productName = ZombieConga;
			productReference = 50F3BAC91CB3AF1800AAFA92 /* ZombieConga.app */;
			productType = "com.apple.product-type.application";
		};
/* End PBXNativeTarget section */

/* Begin PBXProject section */
		50F3BAC11CB3AF1800AAFA92 /* Project object */ = {
			isa = PBXProject;
			attributes = {
				LastSwiftUpdateCheck = 0730;
				LastUpgradeCheck = 0730;
				ORGANIZATIONNAME = altair21;
				TargetAttributes = {
					50F3BAC81CB3AF1800AAFA92 = {
						CreatedOnToolsVersion = 7.3;
						DevelopmentTeam = X72NNDN3GJ;
					};
				};
			};
			buildConfigurationList = 50F3BAC41CB3AF1800AAFA92 /* Build configuration list for PBXProject "ZombieConga" */;
			compatibilityVersion = "Xcode 6.3";
			developmentRegion = English;
			hasScannedForEncodings = 0;
			knownRegions = (
				en,
				Base,
			);
			mainGroup = 50F3BAC01CB3AF1800AAFA92;
			productRefGroup = 50F3BACA1CB3AF1800AAFA92 /* Products */;
			projectDirPath = "";
			projectRoot = "";
			targets = (
				50F3BAC81CB3AF1800AAFA92 /* ZombieConga */,
			);
		};
/* End PBXProject section */

/* Begin PBXResourcesBuildPhase section */
		50F3BAC71CB3AF1800AAFA92 /* Resources */ = {
			isa = PBXResourcesBuildPhase;
			buildActionMask = 2147483647;
			files = (
				50F3BADB1CB3AF1800AAFA92 /* LaunchScreen.storyboard in Resources */,
				50B8551A1CB94DF700C403A1 /* win.wav in Resources */,
				50B855171CB94DF700C403A1 /* hitCat.wav in Resources */,
				50F3BAD81CB3AF1800AAFA92 /* Assets.xcassets in Resources */,
				50B855191CB94DF700C403A1 /* lose.wav in Resources */,
				50B855181CB94DF700C403A1 /* hitCatLady.wav in Resources */,
				50B855161CB94DF700C403A1 /* backgroundMusic.mp3 in Resources */,
				50F3BAD61CB3AF1800AAFA92 /* Main.storyboard in Resources */,
			);
			runOnlyForDeploymentPostprocessing = 0;
		};
/* End PBXResourcesBuildPhase section */

/* Begin PBXSourcesBuildPhase section */
		50F3BAC51CB3AF1800AAFA92 /* Sources */ = {
			isa = PBXSourcesBuildPhase;
			buildActionMask = 2147483647;
			files = (
				508FAD9D1CBA9B6200325DF5 /* GameOverScene.swift in Sources */,
				50F3BAD11CB3AF1800AAFA92 /* GameScene.swift in Sources */,
				50F3BAD31CB3AF1800AAFA92 /* GameViewController.swift in Sources */,
				50F3BACD1CB3AF1800AAFA92 /* AppDelegate.swift in Sources */,
				5092C3311CB5130C001CBEA1 /* MyUtils.swift in Sources */,
			);
			runOnlyForDeploymentPostprocessing = 0;
		};
/* End PBXSourcesBuildPhase section */

/* Begin PBXVariantGroup section */
		50F3BAD41CB3AF1800AAFA92 /* Main.storyboard */ = {
			isa = PBXVariantGroup;
			children = (
				50F3BAD51CB3AF1800AAFA92 /* Base */,
			);
			name = Main.storyboard;
			sourceTree = "<group>";
		};
		50F3BAD91CB3AF1800AAFA92 /* LaunchScreen.storyboard */ = {
			isa = PBXVariantGroup;
			children = (
				50F3BADA1CB3AF1800AAFA92 /* Base */,
			);
			name = LaunchScreen.storyboard;
			sourceTree = "<group>";
		};
/* End PBXVariantGroup section */

/* Begin XCBuildConfiguration section */
		50F3BADD1CB3AF1800AAFA92 /* Debug */ = {
			isa = XCBuildConfiguration;
			buildSettings = {
				ALWAYS_SEARCH_USER_PATHS = NO;
				CLANG_ANALYZER_NONNULL = YES;
				CLANG_CXX_LANGUAGE_STANDARD = "gnu++0x";
				CLANG_CXX_LIBRARY = "libc++";
				CLANG_ENABLE_MODULES = YES;
				CLANG_ENABLE_OBJC_ARC = YES;
				CLANG_WARN_BOOL_CONVERSION = YES;
				CLANG_WARN_CONSTANT_CONVERSION = YES;
				CLANG_WARN_DIRECT_OBJC_ISA_USAGE = YES_ERROR;
				CLANG_WARN_EMPTY_BODY = YES;
				CLANG_WARN_ENUM_CONVERSION = YES;
				CLANG_WARN_INT_CONVERSION = YES;
				CLANG_WARN_OBJC_ROOT_CLASS = YES_ERROR;
				CLANG_WARN_UNREACHABLE_CODE = YES;
				CLANG_WARN__DUPLICATE_METHOD_MATCH = YES;
				"CODE_SIGN_IDENTITY[sdk=iphoneos*]" = "iPhone Developer";
				COPY_PHASE_STRIP = NO;
				DEBUG_INFORMATION_FORMAT = "dwarf-with-dsym";
				ENABLE_STRICT_OBJC_MSGSEND = YES;
				ENABLE_TESTABILITY = YES;
				GCC_C_LANGUAGE_STANDARD = gnu99;
				GCC_DYNAMIC_NO_PIC = NO;
				GCC_NO_COMMON_BLOCKS = YES;
				GCC_OPTIMIZATION_LEVEL = 0;
				GCC_PREPROCESSOR_DEFINITIONS = (
					"DEBUG=1",
					"$(inherited)",
				);
				GCC_WARN_64_TO_32_BIT_CONVERSION = YES;
				GCC_WARN_ABOUT_RETURN_TYPE = YES_ERROR;
				GCC_WARN_UNDECLARED_SELECTOR = YES;
				GCC_WARN_UNINITIALIZED_AUTOS = YES_AGGRESSIVE;
				GCC_WARN_UNUSED_FUNCTION = YES;
				GCC_WARN_UNUSED_VARIABLE = YES;
				IPHONEOS_DEPLOYMENT_TARGET = 9.3;
				MTL_ENABLE_DEBUG_INFO = YES;
				ONLY_ACTIVE_ARCH = YES;
				SDKROOT = iphoneos;
				SWIFT_OPTIMIZATION_LEVEL = "-Onone";
				TARGETED_DEVICE_FAMILY = "1,2";
			};
			name = Debug;
		};
		50F3BADE1CB3AF1800AAFA92 /* Release */ = {
			isa = XCBuildConfiguration;
			buildSettings = {
				ALWAYS_SEARCH_USER_PATHS = NO;
				CLANG_ANALYZER_NONNULL = YES;
				CLANG_CXX_LANGUAGE_STANDARD = "gnu++0x";
				CLANG_CXX_LIBRARY = "libc++";
				CLANG_ENABLE_MODULES = YES;
				CLANG_ENABLE_OBJC_ARC = YES;
				CLANG_WARN_BOOL_CONVERSION = YES;
				CLANG_WARN_CONSTANT_CONVERSION = YES;
				CLANG_WARN_DIRECT_OBJC_ISA_USAGE = YES_ERROR;
				CLANG_WARN_EMPTY_BODY = YES;
				CLANG_WARN_ENUM_CONVERSION = YES;
				CLANG_WARN_INT_CONVERSION = YES;
				CLANG_WARN_OBJC_ROOT_CLASS = YES_ERROR;
				CLANG_WARN_UNREACHABLE_CODE = YES;
				CLANG_WARN__DUPLICATE_METHOD_MATCH = YES;
				"CODE_SIGN_IDENTITY[sdk=iphoneos*]" = "iPhone Developer";
				COPY_PHASE_STRIP = NO;
				DEBUG_INFORMATION_FORMAT = "dwarf-with-dsym";
				ENABLE_NS_ASSERTIONS = NO;
				ENABLE_STRICT_OBJC_MSGSEND = YES;
				GCC_C_LANGUAGE_STANDARD = gnu99;
				GCC_NO_COMMON_BLOCKS = YES;
				GCC_WARN_64_TO_32_BIT_CONVERSION = YES;
				GCC_WARN_ABOUT_RETURN_TYPE = YES_ERROR;
				GCC_WARN_UNDECLARED_SELECTOR = YES;
				GCC_WARN_UNINITIALIZED_AUTOS = YES_AGGRESSIVE;
				GCC_WARN_UNUSED_FUNCTION = YES;
				GCC_WARN_UNUSED_VARIABLE = YES;
				IPHONEOS_DEPLOYMENT_TARGET = 9.3;
				MTL_ENABLE_DEBUG_INFO = NO;
				SDKROOT = iphoneos;
				TARGETED_DEVICE_FAMILY = "1,2";
				VALIDATE_PRODUCT = YES;
			};
			name = Release;
		};
		50F3BAE01CB3AF1800AAFA92 /* Debug */ = {
			isa = XCBuildConfiguration;
			buildSettings = {
				ASSETCATALOG_COMPILER_APPICON_NAME = AppIcon;
				INFOPLIST_FILE = ZombieConga/Info.plist;
				IPHONEOS_DEPLOYMENT_TARGET = 8.0;
				LD_RUNPATH_SEARCH_PATHS = "$(inherited) @executable_path/Frameworks";
				PRODUCT_BUNDLE_IDENTIFIER = com.altair21.ZombieConga;
				PRODUCT_NAME = "$(TARGET_NAME)";
			};
			name = Debug;
		};
		50F3BAE11CB3AF1800AAFA92 /* Release */ = {
			isa = XCBuildConfiguration;
			buildSettings = {
				ASSETCATALOG_COMPILER_APPICON_NAME = AppIcon;
				INFOPLIST_FILE = ZombieConga/Info.plist;
				IPHONEOS_DEPLOYMENT_TARGET = 8.0;
				LD_RUNPATH_SEARCH_PATHS = "$(inherited) @executable_path/Frameworks";
				PRODUCT_BUNDLE_IDENTIFIER = com.altair21.ZombieConga;
				PRODUCT_NAME = "$(TARGET_NAME)";
			};
			name = Release;
		};
/* End XCBuildConfiguration section */

/* Begin XCConfigurationList section */
		50F3BAC41CB3AF1800AAFA92 /* Build configuration list for PBXProject "ZombieConga" */ = {
			isa = XCConfigurationList;
			buildConfigurations = (
				50F3BADD1CB3AF1800AAFA92 /* Debug */,
				50F3BADE1CB3AF1800AAFA92 /* Release */,
			);
			defaultConfigurationIsVisible = 0;
			defaultConfigurationName = Release;
		};
		50F3BADF1CB3AF1800AAFA92 /* Build configuration list for PBXNativeTarget "ZombieConga" */ = {
			isa = XCConfigurationList;
			buildConfigurations = (
				50F3BAE01CB3AF1800AAFA92 /* Debug */,
				50F3BAE11CB3AF1800AAFA92 /* Release */,
			);
			defaultConfigurationIsVisible = 0;
			defaultConfigurationName = Release;
		};
/* End XCConfigurationList section */
	};
	rootObject = 50F3BAC11CB3AF1800AAFA92 /* Project object */;
}
