// !$*UTF8*$!
{
	archiveVersion = 1;
	classes = {
	};
	objectVersion = 46;
	objects = {

/* Begin PBXBuildFile section */
		50B42A051CC32E93003641DA /* AppDelegate.swift in Sources */ = {isa = PBXBuildFile; fileRef = 50B42A041CC32E93003641DA /* AppDelegate.swift */; };
		50B42A091CC32E93003641DA /* GameScene.swift in Sources */ = {isa = PBXBuildFile; fileRef = 50B42A081CC32E93003641DA /* GameScene.swift */; };
		50B42A0B1CC32E93003641DA /* GameViewController.swift in Sources */ = {isa = PBXBuildFile; fileRef = 50B42A0A1CC32E93003641DA /* GameViewController.swift */; };
		50B42A0D1CC32E93003641DA /* Game.xcassets in Resources */ = {isa = PBXBuildFile; fileRef = 50B42A0C1CC32E93003641DA /* Game.xcassets */; };
		50B42A101CC32E93003641DA /* Main.storyboard in Resources */ = {isa = PBXBuildFile; fileRef = 50B42A0E1CC32E93003641DA /* Main.storyboard */; };
		50B42A121CC32E93003641DA /* Assets.xcassets in Resources */ = {isa = PBXBuildFile; fileRef = 50B42A111CC32E93003641DA /* Assets.xcassets */; };
/* End PBXBuildFile section */

/* Begin PBXFileReference section */
		50B42A011CC32E92003641DA /* tvOSTouchTest.app */ = {isa = PBXFileReference; explicitFileType = wrapper.application; includeInIndex = 0; path = tvOSTouchTest.app; sourceTree = BUILT_PRODUCTS_DIR; };
		50B42A041CC32E93003641DA /* AppDelegate.swift */ = {isa = PBXFileReference; lastKnownFileType = sourcecode.swift; path = AppDelegate.swift; sourceTree = "<group>"; };
		50B42A081CC32E93003641DA /* GameScene.swift */ = {isa = PBXFileReference; lastKnownFileType = sourcecode.swift; path = GameScene.swift; sourceTree = "<group>"; };
		50B42A0A1CC32E93003641DA /* GameViewController.swift */ = {isa = PBXFileReference; lastKnownFileType = sourcecode.swift; path = GameViewController.swift; sourceTree = "<group>"; };
		50B42A0C1CC32E93003641DA /* Game.xcassets */ = {isa = PBXFileReference; lastKnownFileType = folder.assetcatalog; path = Game.xcassets; sourceTree = "<group>"; };
		50B42A0F1CC32E93003641DA /* Base */ = {isa = PBXFileReference; lastKnownFileType = file.storyboard; name = Base; path = Base.lproj/Main.storyboard; sourceTree = "<group>"; };
		50B42A111CC32E93003641DA /* Assets.xcassets */ = {isa = PBXFileReference; lastKnownFileType = folder.assetcatalog; path = Assets.xcassets; sourceTree = "<group>"; };
		50B42A131CC32E93003641DA /* Info.plist */ = {isa = PBXFileReference; lastKnownFileType = text.plist.xml; path = Info.plist; sourceTree = "<group>"; };
/* End PBXFileReference section */

/* Begin PBXFrameworksBuildPhase section */
		50B429FE1CC32E92003641DA /* Frameworks */ = {
			isa = PBXFrameworksBuildPhase;
			buildActionMask = 2147483647;
			files = (
			);
			runOnlyForDeploymentPostprocessing = 0;
		};
/* End PBXFrameworksBuildPhase section */

/* Begin PBXGroup section */
		50B429F81CC32E92003641DA = {
			isa = PBXGroup;
			children = (
				50B42A031CC32E93003641DA /* tvOSTouchTest */,
				50B42A021CC32E92003641DA /* Products */,
			);
			sourceTree = "<group>";
		};
		50B42A021CC32E92003641DA /* Products */ = {
			isa = PBXGroup;
			children = (
				50B42A011CC32E92003641DA /* tvOSTouchTest.app */,
			);
			name = Products;
			sourceTree = "<group>";
		};
		50B42A031CC32E93003641DA /* tvOSTouchTest */ = {
			isa = PBXGroup;
			children = (
				50B42A041CC32E93003641DA /* AppDelegate.swift */,
				50B42A081CC32E93003641DA /* GameScene.swift */,
				50B42A0A1CC32E93003641DA /* GameViewController.swift */,
				50B42A0C1CC32E93003641DA /* Game.xcassets */,
				50B42A0E1CC32E93003641DA /* Main.storyboard */,
				50B42A111CC32E93003641DA /* Assets.xcassets */,
				50B42A131CC32E93003641DA /* Info.plist */,
			);
			path = tvOSTouchTest;
			sourceTree = "<group>";
		};
/* End PBXGroup section */

/* Begin PBXNativeTarget section */
		50B42A001CC32E92003641DA /* tvOSTouchTest */ = {
			isa = PBXNativeTarget;
			buildConfigurationList = 50B42A161CC32E93003641DA /* Build configuration list for PBXNativeTarget "tvOSTouchTest" */;
			buildPhases = (
				50B429FD1CC32E92003641DA /* Sources */,
				50B429FE1CC32E92003641DA /* Frameworks */,
				50B429FF1CC32E92003641DA /* Resources */,
			);
			buildRules = (
			);
			dependencies = (
			);
			name = tvOSTouchTest;
			productName = tvOSTouchTest;
			productReference = 50B42A011CC32E92003641DA /* tvOSTouchTest.app */;
			productType = "com.apple.product-type.application";
		};
/* End PBXNativeTarget section */

/* Begin PBXProject section */
		50B429F91CC32E92003641DA /* Project object */ = {
			isa = PBXProject;
			attributes = {
				LastSwiftUpdateCheck = 0730;
				LastUpgradeCheck = 0730;
				ORGANIZATIONNAME = altair21;
				TargetAttributes = {
					50B42A001CC32E92003641DA = {
						CreatedOnToolsVersion = 7.3;
						DevelopmentTeam = X72NNDN3GJ;
					};
				};
			};
			buildConfigurationList = 50B429FC1CC32E92003641DA /* Build configuration list for PBXProject "tvOSTouchTest" */;
			compatibilityVersion = "Xcode 3.2";
			developmentRegion = English;
			hasScannedForEncodings = 0;
			knownRegions = (
				en,
				Base,
			);
			mainGroup = 50B429F81CC32E92003641DA;
			productRefGroup = 50B42A021CC32E92003641DA /* Products */;
			projectDirPath = "";
			projectRoot = "";
			targets = (
				50B42A001CC32E92003641DA /* tvOSTouchTest */,
			);
		};
/* End PBXProject section */

/* Begin PBXResourcesBuildPhase section */
		50B429FF1CC32E92003641DA /* Resources */ = {
			isa = PBXResourcesBuildPhase;
			buildActionMask = 2147483647;
			files = (
				50B42A101CC32E93003641DA /* Main.storyboard in Resources */,
				50B42A121CC32E93003641DA /* Assets.xcassets in Resources */,
				50B42A0D1CC32E93003641DA /* Game.xcassets in Resources */,
			);
			runOnlyForDeploymentPostprocessing = 0;
		};
/* End PBXResourcesBuildPhase section */

/* Begin PBXSourcesBuildPhase section */
		50B429FD1CC32E92003641DA /* Sources */ = {
			isa = PBXSourcesBuildPhase;
			buildActionMask = 2147483647;
			files = (
				50B42A091CC32E93003641DA /* GameScene.swift in Sources */,
				50B42A0B1CC32E93003641DA /* GameViewController.swift in Sources */,
				50B42A051CC32E93003641DA /* AppDelegate.swift in Sources */,
			);
			runOnlyForDeploymentPostprocessing = 0;
		};
/* End PBXSourcesBuildPhase section */

/* Begin PBXVariantGroup section */
		50B42A0E1CC32E93003641DA /* Main.storyboard */ = {
			isa = PBXVariantGroup;
			children = (
				50B42A0F1CC32E93003641DA /* Base */,
			);
			name = Main.storyboard;
			sourceTree = "<group>";
		};
/* End PBXVariantGroup section */

/* Begin XCBuildConfiguration section */
		50B42A141CC32E93003641DA /* Debug */ = {
			isa = XCBuildConfiguration;
			buildSettings = {
				ALWAYS_SEARCH_USER_PATHS = NO;
				CLANG_ANALYZER_NONNULL = YES;
				CLANG_CXX_LANGUAGE_STANDARD = "gnu++0x";
				CLANG_CXX_LIBRARY = "libc++";
				CLANG_ENABLE_MODULES = YES;
				CLANG_ENABLE_OBJC_ARC = YES;
				CLANG_WARN_BOOL_CONVERSION = YES;
				CLANG_WARN_CONSTANT_CONVERSION = YES;
				CLANG_WARN_DIRECT_OBJC_ISA_USAGE = YES_ERROR;
				CLANG_WARN_EMPTY_BODY = YES;
				CLANG_WARN_ENUM_CONVERSION = YES;
				CLANG_WARN_INT_CONVERSION = YES;
				CLANG_WARN_OBJC_ROOT_CLASS = YES_ERROR;
				CLANG_WARN_UNREACHABLE_CODE = YES;
				CLANG_WARN__DUPLICATE_METHOD_MATCH = YES;
				COPY_PHASE_STRIP = NO;
				DEBUG_INFORMATION_FORMAT = "dwarf-with-dsym";
				ENABLE_STRICT_OBJC_MSGSEND = YES;
				ENABLE_TESTABILITY = YES;
				GCC_C_LANGUAGE_STANDARD = gnu99;
				GCC_DYNAMIC_NO_PIC = NO;
				GCC_NO_COMMON_BLOCKS = YES;
				GCC_OPTIMIZATION_LEVEL = 0;
				GCC_PREPROCESSOR_DEFINITIONS = (
					"DEBUG=1",
					"$(inherited)",
				);
				GCC_WARN_64_TO_32_BIT_CONVERSION = YES;
				GCC_WARN_ABOUT_RETURN_TYPE = YES_ERROR;
				GCC_WARN_UNDECLARED_SELECTOR = YES;
				GCC_WARN_UNINITIALIZED_AUTOS = YES_AGGRESSIVE;
				GCC_WARN_UNUSED_FUNCTION = YES;
				GCC_WARN_UNUSED_VARIABLE = YES;
				MTL_ENABLE_DEBUG_INFO = YES;
				ONLY_ACTIVE_ARCH = YES;
				SDKROOT = appletvos;
				SWIFT_OPTIMIZATION_LEVEL = "-Onone";
				TARGETED_DEVICE_FAMILY = 3;
				TVOS_DEPLOYMENT_TARGET = 9.2;
			};
			name = Debug;
		};
		50B42A151CC32E93003641DA /* Release */ = {
			isa = XCBuildConfiguration;
			buildSettings = {
				ALWAYS_SEARCH_USER_PATHS = NO;
				CLANG_ANALYZER_NONNULL = YES;
				CLANG_CXX_LANGUAGE_STANDARD = "gnu++0x";
				CLANG_CXX_LIBRARY = "libc++";
				CLANG_ENABLE_MODULES = YES;
				CLANG_ENABLE_OBJC_ARC = YES;
				CLANG_WARN_BOOL_CONVERSION = YES;
				CLANG_WARN_CONSTANT_CONVERSION = YES;
				CLANG_WARN_DIRECT_OBJC_ISA_USAGE = YES_ERROR;
				CLANG_WARN_EMPTY_BODY = YES;
				CLANG_WARN_ENUM_CONVERSION = YES;
				CLANG_WARN_INT_CONVERSION = YES;
				CLANG_WARN_OBJC_ROOT_CLASS = YES_ERROR;
				CLANG_WARN_UNREACHABLE_CODE = YES;
				CLANG_WARN__DUPLICATE_METHOD_MATCH = YES;
				COPY_PHASE_STRIP = NO;
				DEBUG_INFORMATION_FORMAT = "dwarf-with-dsym";
				ENABLE_NS_ASSERTIONS = NO;
				ENABLE_STRICT_OBJC_MSGSEND = YES;
				GCC_C_LANGUAGE_STANDARD = gnu99;
				GCC_NO_COMMON_BLOCKS = YES;
				GCC_WARN_64_TO_32_BIT_CONVERSION = YES;
				GCC_WARN_ABOUT_RETURN_TYPE = YES_ERROR;
				GCC_WARN_UNDECLARED_SELECTOR = YES;
				GCC_WARN_UNINITIALIZED_AUTOS = YES_AGGRESSIVE;
				GCC_WARN_UNUSED_FUNCTION = YES;
				GCC_WARN_UNUSED_VARIABLE = YES;
				MTL_ENABLE_DEBUG_INFO = NO;
				SDKROOT = appletvos;
				TARGETED_DEVICE_FAMILY = 3;
				TVOS_DEPLOYMENT_TARGET = 9.2;
				VALIDATE_PRODUCT = YES;
			};
			name = Release;
		};
		50B42A171CC32E93003641DA /* Debug */ = {
			isa = XCBuildConfiguration;
			buildSettings = {
				ASSETCATALOG_COMPILER_APPICON_NAME = "App Icon & Top Shelf Image";
				ASSETCATALOG_COMPILER_LAUNCHIMAGE_NAME = LaunchImage;
				INFOPLIST_FILE = tvOSTouchTest/Info.plist;
				LD_RUNPATH_SEARCH_PATHS = "$(inherited) @executable_path/Frameworks";
				PRODUCT_BUNDLE_IDENTIFIER = com.altair21.tvOSTouchTest;
				PRODUCT_NAME = "$(TARGET_NAME)";
			};
			name = Debug;
		};
		50B42A181CC32E93003641DA /* Release */ = {
			isa = XCBuildConfiguration;
			buildSettings = {
				ASSETCATALOG_COMPILER_APPICON_NAME = "App Icon & Top Shelf Image";
				ASSETCATALOG_COMPILER_LAUNCHIMAGE_NAME = LaunchImage;
				INFOPLIST_FILE = tvOSTouchTest/Info.plist;
				LD_RUNPATH_SEARCH_PATHS = "$(inherited) @executable_path/Frameworks";
				PRODUCT_BUNDLE_IDENTIFIER = com.altair21.tvOSTouchTest;
				PRODUCT_NAME = "$(TARGET_NAME)";
			};
			name = Release;
		};
/* End XCBuildConfiguration section */

/* Begin XCConfigurationList section */
		50B429FC1CC32E92003641DA /* Build configuration list for PBXProject "tvOSTouchTest" */ = {
			isa = XCConfigurationList;
			buildConfigurations = (
				50B42A141CC32E93003641DA /* Debug */,
				50B42A151CC32E93003641DA /* Release */,
			);
			defaultConfigurationIsVisible = 0;
			defaultConfigurationName = Release;
		};
		50B42A161CC32E93003641DA /* Build configuration list for PBXNativeTarget "tvOSTouchTest" */ = {
			isa = XCConfigurationList;
			buildConfigurations = (
				50B42A171CC32E93003641DA /* Debug */,
				50B42A181CC32E93003641DA /* Release */,
			);
			defaultConfigurationIsVisible = 0;
		};
/* End XCConfigurationList section */
	};
	rootObject = 50B429F91CC32E92003641DA /* Project object */;
}
